// !$*UTF8*$!
{
	archiveVersion = 1;
	classes = {
	};
	objectVersion = 50;
	objects = {

/* Begin PBXBuildFile section */
		31376733228985C100F46C7A /* AppDelegate.swift in Sources */ = {isa = PBXBuildFile; fileRef = 31376732228985C100F46C7A /* AppDelegate.swift */; };
		3137673A228985C200F46C7A /* Assets.xcassets in Resources */ = {isa = PBXBuildFile; fileRef = 31376739228985C200F46C7A /* Assets.xcassets */; };
		3137674C228AA40F00F46C7A /* FeedViewController.swift in Sources */ = {isa = PBXBuildFile; fileRef = 3137674B228AA40F00F46C7A /* FeedViewController.swift */; };
		3137674F228AA4EF00F46C7A /* Coordinator.swift in Sources */ = {isa = PBXBuildFile; fileRef = 3137674E228AA4EF00F46C7A /* Coordinator.swift */; };
		31376751228AA52100F46C7A /* AppCoordinator.swift in Sources */ = {isa = PBXBuildFile; fileRef = 31376750228AA52100F46C7A /* AppCoordinator.swift */; };
		31376753228AA86600F46C7A /* FeedCoordinator.swift in Sources */ = {isa = PBXBuildFile; fileRef = 31376752228AA86600F46C7A /* FeedCoordinator.swift */; };
		31376758228AABB500F46C7A /* UIView+Extensions.swift in Sources */ = {isa = PBXBuildFile; fileRef = 31376757228AABB500F46C7A /* UIView+Extensions.swift */; };
		3137675B228AABFF00F46C7A /* Apply.swift in Sources */ = {isa = PBXBuildFile; fileRef = 3137675A228AABFF00F46C7A /* Apply.swift */; };
		3137675D228AAC1900F46C7A /* Reflection.swift in Sources */ = {isa = PBXBuildFile; fileRef = 3137675C228AAC1900F46C7A /* Reflection.swift */; };
		3137675F228AAC6200F46C7A /* UIViewController+Extensions.swift in Sources */ = {isa = PBXBuildFile; fileRef = 3137675E228AAC6200F46C7A /* UIViewController+Extensions.swift */; };
		31376761228AD15500F46C7A /* UIScreen+Extensions.swift in Sources */ = {isa = PBXBuildFile; fileRef = 31376760228AD15500F46C7A /* UIScreen+Extensions.swift */; };
		3137676A228AE14A00F46C7A /* NavigationBarView.swift in Sources */ = {isa = PBXBuildFile; fileRef = 31376769228AE14A00F46C7A /* NavigationBarView.swift */; };
		3137676C228AE79800F46C7A /* UIColor+Extensions.swift in Sources */ = {isa = PBXBuildFile; fileRef = 3137676B228AE79800F46C7A /* UIColor+Extensions.swift */; };
		3137676E228AE7BD00F46C7A /* AppColors.swift in Sources */ = {isa = PBXBuildFile; fileRef = 3137676D228AE7BD00F46C7A /* AppColors.swift */; };
		31376770228C1E8E00F46C7A /* FeedTableViewHeader.swift in Sources */ = {isa = PBXBuildFile; fileRef = 3137676F228C1E8E00F46C7A /* FeedTableViewHeader.swift */; };
		31376772228C222500F46C7A /* FeedViewModel.swift in Sources */ = {isa = PBXBuildFile; fileRef = 31376771228C222500F46C7A /* FeedViewModel.swift */; };
		31376775228C226000F46C7A /* FeedType.swift in Sources */ = {isa = PBXBuildFile; fileRef = 31376774228C226000F46C7A /* FeedType.swift */; };
		31376777228E9E5D00F46C7A /* Article.swift in Sources */ = {isa = PBXBuildFile; fileRef = 31376776228E9E5D00F46C7A /* Article.swift */; };
		31376779228E9F6F00F46C7A /* User.swift in Sources */ = {isa = PBXBuildFile; fileRef = 31376778228E9F6F00F46C7A /* User.swift */; };
		3137677B228E9FEE00F46C7A /* Organization.swift in Sources */ = {isa = PBXBuildFile; fileRef = 3137677A228E9FEE00F46C7A /* Organization.swift */; };
		3137677F228EA14300F46C7A /* FlareTag.swift in Sources */ = {isa = PBXBuildFile; fileRef = 3137677E228EA14300F46C7A /* FlareTag.swift */; };
		31376787228EABAD00F46C7A /* ArticlesTest.swift in Sources */ = {isa = PBXBuildFile; fileRef = 31376786228EABAD00F46C7A /* ArticlesTest.swift */; };
		31376790228EABEF00F46C7A /* articles.json in Resources */ = {isa = PBXBuildFile; fileRef = 3137678F228EABEF00F46C7A /* articles.json */; };
		31376794228EC06E00F46C7A /* FeedTableViewCell.swift in Sources */ = {isa = PBXBuildFile; fileRef = 31376793228EC06E00F46C7A /* FeedTableViewCell.swift */; };
		3137679522908E7600F46C7A /* articles.json in Resources */ = {isa = PBXBuildFile; fileRef = 3137678F228EABEF00F46C7A /* articles.json */; };
		315F1AE62291458700B4A988 /* Date+Extensions.swift in Sources */ = {isa = PBXBuildFile; fileRef = 315F1AE52291458700B4A988 /* Date+Extensions.swift */; };
		315F1AEC2291517300B4A988 /* UITableViewCell+Extensions.swift in Sources */ = {isa = PBXBuildFile; fileRef = 315F1AEB2291517300B4A988 /* UITableViewCell+Extensions.swift */; };
		315F1AEE2291537100B4A988 /* ArticleDto.swift in Sources */ = {isa = PBXBuildFile; fileRef = 315F1AED2291537100B4A988 /* ArticleDto.swift */; };
		315F1AF122918DDB00B4A988 /* ArticleDetailsViewController.swift in Sources */ = {isa = PBXBuildFile; fileRef = 315F1AF022918DDB00B4A988 /* ArticleDetailsViewController.swift */; };
		315F1AF522918F2500B4A988 /* BaseViewController.swift in Sources */ = {isa = PBXBuildFile; fileRef = 315F1AF422918F2500B4A988 /* BaseViewController.swift */; };
		BDD7229EEA05E3D6A5A0CB5C /* Pods_DevTo_iOS.framework in Frameworks */ = {isa = PBXBuildFile; fileRef = 2598C52E35F7B759959CED35 /* Pods_DevTo_iOS.framework */; };
/* End PBXBuildFile section */

/* Begin PBXContainerItemProxy section */
		31376789228EABAD00F46C7A /* PBXContainerItemProxy */ = {
			isa = PBXContainerItemProxy;
			containerPortal = 31376727228985C100F46C7A /* Project object */;
			proxyType = 1;
			remoteGlobalIDString = 3137672E228985C100F46C7A;
			remoteInfo = DevTo.iOS;
		};
/* End PBXContainerItemProxy section */

/* Begin PBXFileReference section */
		2598C52E35F7B759959CED35 /* Pods_DevTo_iOS.framework */ = {isa = PBXFileReference; explicitFileType = wrapper.framework; includeInIndex = 0; path = Pods_DevTo_iOS.framework; sourceTree = BUILT_PRODUCTS_DIR; };
		3137672F228985C100F46C7A /* DevTo.iOS.app */ = {isa = PBXFileReference; explicitFileType = wrapper.application; includeInIndex = 0; path = DevTo.iOS.app; sourceTree = BUILT_PRODUCTS_DIR; };
		31376732228985C100F46C7A /* AppDelegate.swift */ = {isa = PBXFileReference; lastKnownFileType = sourcecode.swift; path = AppDelegate.swift; sourceTree = "<group>"; };
		31376739228985C200F46C7A /* Assets.xcassets */ = {isa = PBXFileReference; lastKnownFileType = folder.assetcatalog; path = Assets.xcassets; sourceTree = "<group>"; };
		3137673E228985C200F46C7A /* Info.plist */ = {isa = PBXFileReference; lastKnownFileType = text.plist.xml; path = Info.plist; sourceTree = "<group>"; };
		3137674B228AA40F00F46C7A /* FeedViewController.swift */ = {isa = PBXFileReference; lastKnownFileType = sourcecode.swift; path = FeedViewController.swift; sourceTree = "<group>"; };
		3137674E228AA4EF00F46C7A /* Coordinator.swift */ = {isa = PBXFileReference; lastKnownFileType = sourcecode.swift; path = Coordinator.swift; sourceTree = "<group>"; };
		31376750228AA52100F46C7A /* AppCoordinator.swift */ = {isa = PBXFileReference; lastKnownFileType = sourcecode.swift; path = AppCoordinator.swift; sourceTree = "<group>"; };
		31376752228AA86600F46C7A /* FeedCoordinator.swift */ = {isa = PBXFileReference; lastKnownFileType = sourcecode.swift; path = FeedCoordinator.swift; sourceTree = "<group>"; };
		31376757228AABB500F46C7A /* UIView+Extensions.swift */ = {isa = PBXFileReference; lastKnownFileType = sourcecode.swift; path = "UIView+Extensions.swift"; sourceTree = "<group>"; };
		3137675A228AABFF00F46C7A /* Apply.swift */ = {isa = PBXFileReference; lastKnownFileType = sourcecode.swift; path = Apply.swift; sourceTree = "<group>"; };
		3137675C228AAC1900F46C7A /* Reflection.swift */ = {isa = PBXFileReference; lastKnownFileType = sourcecode.swift; path = Reflection.swift; sourceTree = "<group>"; };
		3137675E228AAC6200F46C7A /* UIViewController+Extensions.swift */ = {isa = PBXFileReference; lastKnownFileType = sourcecode.swift; path = "UIViewController+Extensions.swift"; sourceTree = "<group>"; };
		31376760228AD15500F46C7A /* UIScreen+Extensions.swift */ = {isa = PBXFileReference; lastKnownFileType = sourcecode.swift; path = "UIScreen+Extensions.swift"; sourceTree = "<group>"; };
		31376769228AE14A00F46C7A /* NavigationBarView.swift */ = {isa = PBXFileReference; lastKnownFileType = sourcecode.swift; path = NavigationBarView.swift; sourceTree = "<group>"; };
		3137676B228AE79800F46C7A /* UIColor+Extensions.swift */ = {isa = PBXFileReference; lastKnownFileType = sourcecode.swift; path = "UIColor+Extensions.swift"; sourceTree = "<group>"; };
		3137676D228AE7BD00F46C7A /* AppColors.swift */ = {isa = PBXFileReference; lastKnownFileType = sourcecode.swift; path = AppColors.swift; sourceTree = "<group>"; };
		3137676F228C1E8E00F46C7A /* FeedTableViewHeader.swift */ = {isa = PBXFileReference; lastKnownFileType = sourcecode.swift; path = FeedTableViewHeader.swift; sourceTree = "<group>"; };
		31376771228C222500F46C7A /* FeedViewModel.swift */ = {isa = PBXFileReference; lastKnownFileType = sourcecode.swift; path = FeedViewModel.swift; sourceTree = "<group>"; };
		31376774228C226000F46C7A /* FeedType.swift */ = {isa = PBXFileReference; lastKnownFileType = sourcecode.swift; path = FeedType.swift; sourceTree = "<group>"; };
		31376776228E9E5D00F46C7A /* Article.swift */ = {isa = PBXFileReference; lastKnownFileType = sourcecode.swift; path = Article.swift; sourceTree = "<group>"; };
		31376778228E9F6F00F46C7A /* User.swift */ = {isa = PBXFileReference; lastKnownFileType = sourcecode.swift; path = User.swift; sourceTree = "<group>"; };
		3137677A228E9FEE00F46C7A /* Organization.swift */ = {isa = PBXFileReference; lastKnownFileType = sourcecode.swift; path = Organization.swift; sourceTree = "<group>"; };
		3137677E228EA14300F46C7A /* FlareTag.swift */ = {isa = PBXFileReference; lastKnownFileType = sourcecode.swift; path = FlareTag.swift; sourceTree = "<group>"; };
		31376784228EABAD00F46C7A /* DevTo.iOS.Tests.xctest */ = {isa = PBXFileReference; explicitFileType = wrapper.cfbundle; includeInIndex = 0; path = DevTo.iOS.Tests.xctest; sourceTree = BUILT_PRODUCTS_DIR; };
		31376786228EABAD00F46C7A /* ArticlesTest.swift */ = {isa = PBXFileReference; lastKnownFileType = sourcecode.swift; path = ArticlesTest.swift; sourceTree = "<group>"; };
		31376788228EABAD00F46C7A /* Info.plist */ = {isa = PBXFileReference; lastKnownFileType = text.plist.xml; path = Info.plist; sourceTree = "<group>"; };
		3137678F228EABEF00F46C7A /* articles.json */ = {isa = PBXFileReference; lastKnownFileType = text.json; path = articles.json; sourceTree = "<group>"; };
		31376793228EC06E00F46C7A /* FeedTableViewCell.swift */ = {isa = PBXFileReference; lastKnownFileType = sourcecode.swift; path = FeedTableViewCell.swift; sourceTree = "<group>"; };
		315F1AE52291458700B4A988 /* Date+Extensions.swift */ = {isa = PBXFileReference; lastKnownFileType = sourcecode.swift; path = "Date+Extensions.swift"; sourceTree = "<group>"; };
		315F1AEB2291517300B4A988 /* UITableViewCell+Extensions.swift */ = {isa = PBXFileReference; lastKnownFileType = sourcecode.swift; path = "UITableViewCell+Extensions.swift"; sourceTree = "<group>"; };
		315F1AED2291537100B4A988 /* ArticleDto.swift */ = {isa = PBXFileReference; lastKnownFileType = sourcecode.swift; path = ArticleDto.swift; sourceTree = "<group>"; };
		315F1AF022918DDB00B4A988 /* ArticleDetailsViewController.swift */ = {isa = PBXFileReference; lastKnownFileType = sourcecode.swift; path = ArticleDetailsViewController.swift; sourceTree = "<group>"; };
		315F1AF422918F2500B4A988 /* BaseViewController.swift */ = {isa = PBXFileReference; fileEncoding = 4; lastKnownFileType = sourcecode.swift; path = BaseViewController.swift; sourceTree = "<group>"; };
		BB1D32F40475879B2FA7E572 /* Pods-DevTo.iOS.release.xcconfig */ = {isa = PBXFileReference; includeInIndex = 1; lastKnownFileType = text.xcconfig; name = "Pods-DevTo.iOS.release.xcconfig"; path = "Target Support Files/Pods-DevTo.iOS/Pods-DevTo.iOS.release.xcconfig"; sourceTree = "<group>"; };
		C2BB02589E061581FDBF5C06 /* Pods-DevTo.iOS.debug.xcconfig */ = {isa = PBXFileReference; includeInIndex = 1; lastKnownFileType = text.xcconfig; name = "Pods-DevTo.iOS.debug.xcconfig"; path = "Target Support Files/Pods-DevTo.iOS/Pods-DevTo.iOS.debug.xcconfig"; sourceTree = "<group>"; };
/* End PBXFileReference section */

/* Begin PBXFrameworksBuildPhase section */
		3137672C228985C100F46C7A /* Frameworks */ = {
			isa = PBXFrameworksBuildPhase;
			buildActionMask = 2147483647;
			files = (
				BDD7229EEA05E3D6A5A0CB5C /* Pods_DevTo_iOS.framework in Frameworks */,
			);
			runOnlyForDeploymentPostprocessing = 0;
		};
		31376781228EABAD00F46C7A /* Frameworks */ = {
			isa = PBXFrameworksBuildPhase;
			buildActionMask = 2147483647;
			files = (
			);
			runOnlyForDeploymentPostprocessing = 0;
		};
/* End PBXFrameworksBuildPhase section */

/* Begin PBXGroup section */
		31376726228985C100F46C7A = {
			isa = PBXGroup;
			children = (
				31376731228985C100F46C7A /* DevTo.iOS */,
				31376785228EABAD00F46C7A /* DevTo.iOS.Tests */,
				31376730228985C100F46C7A /* Products */,
				84F2C6A752B3669B808E4D9B /* Pods */,
				ABB2AF9BBCD0AEF9124D6924 /* Frameworks */,
			);
			sourceTree = "<group>";
		};
		31376730228985C100F46C7A /* Products */ = {
			isa = PBXGroup;
			children = (
				3137672F228985C100F46C7A /* DevTo.iOS.app */,
				31376784228EABAD00F46C7A /* DevTo.iOS.Tests.xctest */,
			);
			name = Products;
			sourceTree = "<group>";
		};
		31376731228985C100F46C7A /* DevTo.iOS */ = {
			isa = PBXGroup;
			children = (
				31376748228AA3B200F46C7A /* Application */,
				31376746228AA30E00F46C7A /* Scenarios */,
				31376749228AA3BB00F46C7A /* Resources */,
				31376754228AAB4600F46C7A /* Misc */,
			);
			path = DevTo.iOS;
			sourceTree = "<group>";
		};
		31376746228AA30E00F46C7A /* Scenarios */ = {
			isa = PBXGroup;
			children = (
				315F1AEF22918D9200B4A988 /* ArticleDetails */,
				31376747228AA32A00F46C7A /* Feed */,
				315F1AF422918F2500B4A988 /* BaseViewController.swift */,
			);
			path = Scenarios;
			sourceTree = "<group>";
		};
		31376747228AA32A00F46C7A /* Feed */ = {
			isa = PBXGroup;
			children = (
				31376792228EC04B00F46C7A /* Views */,
				31376791228EC04200F46C7A /* Cells */,
				31376773228C225400F46C7A /* Models */,
				3137674B228AA40F00F46C7A /* FeedViewController.swift */,
				31376752228AA86600F46C7A /* FeedCoordinator.swift */,
				31376771228C222500F46C7A /* FeedViewModel.swift */,
			);
			path = Feed;
			sourceTree = "<group>";
		};
		31376748228AA3B200F46C7A /* Application */ = {
			isa = PBXGroup;
			children = (
				3137674D228AA45C00F46C7A /* Base */,
				31376732228985C100F46C7A /* AppDelegate.swift */,
				31376750228AA52100F46C7A /* AppCoordinator.swift */,
			);
			path = Application;
			sourceTree = "<group>";
		};
		31376749228AA3BB00F46C7A /* Resources */ = {
			isa = PBXGroup;
			children = (
				3137674A228AA3DA00F46C7A /* Images */,
				3137673E228985C200F46C7A /* Info.plist */,
				3137676D228AE7BD00F46C7A /* AppColors.swift */,
			);
			path = Resources;
			sourceTree = "<group>";
		};
		3137674A228AA3DA00F46C7A /* Images */ = {
			isa = PBXGroup;
			children = (
				31376739228985C200F46C7A /* Assets.xcassets */,
			);
			path = Images;
			sourceTree = "<group>";
		};
		3137674D228AA45C00F46C7A /* Base */ = {
			isa = PBXGroup;
			children = (
				3137674E228AA4EF00F46C7A /* Coordinator.swift */,
			);
			path = Base;
			sourceTree = "<group>";
		};
		31376754228AAB4600F46C7A /* Misc */ = {
			isa = PBXGroup;
			children = (
				31376768228AE13600F46C7A /* CustomViews */,
				31376759228AABE900F46C7A /* Tools */,
				31376755228AAB5500F46C7A /* Extensions */,
			);
			path = Misc;
			sourceTree = "<group>";
		};
		31376755228AAB5500F46C7A /* Extensions */ = {
			isa = PBXGroup;
			children = (
				31376757228AABB500F46C7A /* UIView+Extensions.swift */,
				3137675E228AAC6200F46C7A /* UIViewController+Extensions.swift */,
				31376760228AD15500F46C7A /* UIScreen+Extensions.swift */,
				3137676B228AE79800F46C7A /* UIColor+Extensions.swift */,
				315F1AE52291458700B4A988 /* Date+Extensions.swift */,
				315F1AEB2291517300B4A988 /* UITableViewCell+Extensions.swift */,
			);
			path = Extensions;
			sourceTree = "<group>";
		};
		31376759228AABE900F46C7A /* Tools */ = {
			isa = PBXGroup;
			children = (
				3137675A228AABFF00F46C7A /* Apply.swift */,
				3137675C228AAC1900F46C7A /* Reflection.swift */,
			);
			path = Tools;
			sourceTree = "<group>";
		};
		31376768228AE13600F46C7A /* CustomViews */ = {
			isa = PBXGroup;
			children = (
				31376769228AE14A00F46C7A /* NavigationBarView.swift */,
			);
			path = CustomViews;
			sourceTree = "<group>";
		};
		31376773228C225400F46C7A /* Models */ = {
			isa = PBXGroup;
			children = (
				31376774228C226000F46C7A /* FeedType.swift */,
				31376776228E9E5D00F46C7A /* Article.swift */,
				31376778228E9F6F00F46C7A /* User.swift */,
				3137677A228E9FEE00F46C7A /* Organization.swift */,
				3137677E228EA14300F46C7A /* FlareTag.swift */,
				315F1AED2291537100B4A988 /* ArticleDto.swift */,
			);
			path = Models;
			sourceTree = "<group>";
		};
		31376785228EABAD00F46C7A /* DevTo.iOS.Tests */ = {
			isa = PBXGroup;
			children = (
				3137678E228EABBF00F46C7A /* Resources */,
				31376786228EABAD00F46C7A /* ArticlesTest.swift */,
				31376788228EABAD00F46C7A /* Info.plist */,
			);
			path = DevTo.iOS.Tests;
			sourceTree = "<group>";
		};
		3137678E228EABBF00F46C7A /* Resources */ = {
			isa = PBXGroup;
			children = (
				3137678F228EABEF00F46C7A /* articles.json */,
			);
			path = Resources;
			sourceTree = "<group>";
		};
		31376791228EC04200F46C7A /* Cells */ = {
			isa = PBXGroup;
			children = (
				31376793228EC06E00F46C7A /* FeedTableViewCell.swift */,
			);
			path = Cells;
			sourceTree = "<group>";
		};
		31376792228EC04B00F46C7A /* Views */ = {
			isa = PBXGroup;
			children = (
				3137676F228C1E8E00F46C7A /* FeedTableViewHeader.swift */,
			);
			path = Views;
			sourceTree = "<group>";
		};
		315F1AEF22918D9200B4A988 /* ArticleDetails */ = {
			isa = PBXGroup;
			children = (
				315F1AF022918DDB00B4A988 /* ArticleDetailsViewController.swift */,
			);
			path = ArticleDetails;
			sourceTree = "<group>";
		};
		84F2C6A752B3669B808E4D9B /* Pods */ = {
			isa = PBXGroup;
			children = (
				C2BB02589E061581FDBF5C06 /* Pods-DevTo.iOS.debug.xcconfig */,
				BB1D32F40475879B2FA7E572 /* Pods-DevTo.iOS.release.xcconfig */,
			);
			path = Pods;
			sourceTree = "<group>";
		};
		ABB2AF9BBCD0AEF9124D6924 /* Frameworks */ = {
			isa = PBXGroup;
			children = (
				2598C52E35F7B759959CED35 /* Pods_DevTo_iOS.framework */,
			);
			name = Frameworks;
			sourceTree = "<group>";
		};
/* End PBXGroup section */

/* Begin PBXNativeTarget section */
		3137672E228985C100F46C7A /* DevTo.iOS */ = {
			isa = PBXNativeTarget;
			buildConfigurationList = 31376741228985C200F46C7A /* Build configuration list for PBXNativeTarget "DevTo.iOS" */;
			buildPhases = (
				C141AE9143934A82D67769DA /* [CP] Check Pods Manifest.lock */,
				3137672B228985C100F46C7A /* Sources */,
				3137672C228985C100F46C7A /* Frameworks */,
				3137672D228985C100F46C7A /* Resources */,
				6A33E2738E8C244DC3DC91A9 /* [CP] Embed Pods Frameworks */,
			);
			buildRules = (
			);
			dependencies = (
			);
			name = DevTo.iOS;
			productName = DevTo.iOS;
			productReference = 3137672F228985C100F46C7A /* DevTo.iOS.app */;
			productType = "com.apple.product-type.application";
		};
		31376783228EABAD00F46C7A /* DevTo.iOS.Tests */ = {
			isa = PBXNativeTarget;
			buildConfigurationList = 3137678B228EABAD00F46C7A /* Build configuration list for PBXNativeTarget "DevTo.iOS.Tests" */;
			buildPhases = (
				31376780228EABAD00F46C7A /* Sources */,
				31376781228EABAD00F46C7A /* Frameworks */,
				31376782228EABAD00F46C7A /* Resources */,
			);
			buildRules = (
			);
			dependencies = (
				3137678A228EABAD00F46C7A /* PBXTargetDependency */,
			);
			name = DevTo.iOS.Tests;
			productName = DevTo.iOS.Tests;
			productReference = 31376784228EABAD00F46C7A /* DevTo.iOS.Tests.xctest */;
			productType = "com.apple.product-type.bundle.unit-test";
		};
/* End PBXNativeTarget section */

/* Begin PBXProject section */
		31376727228985C100F46C7A /* Project object */ = {
			isa = PBXProject;
			attributes = {
				LastSwiftUpdateCheck = 1020;
				LastUpgradeCheck = 1020;
				ORGANIZATIONNAME = hadiidbouk;
				TargetAttributes = {
					3137672E228985C100F46C7A = {
						CreatedOnToolsVersion = 10.2.1;
					};
					31376783228EABAD00F46C7A = {
						CreatedOnToolsVersion = 10.2.1;
						TestTargetID = 3137672E228985C100F46C7A;
					};
				};
			};
			buildConfigurationList = 3137672A228985C100F46C7A /* Build configuration list for PBXProject "DevTo.iOS" */;
			compatibilityVersion = "Xcode 9.3";
			developmentRegion = en;
			hasScannedForEncodings = 0;
			knownRegions = (
				en,
				Base,
			);
			mainGroup = 31376726228985C100F46C7A;
			productRefGroup = 31376730228985C100F46C7A /* Products */;
			projectDirPath = "";
			projectRoot = "";
			targets = (
				3137672E228985C100F46C7A /* DevTo.iOS */,
				31376783228EABAD00F46C7A /* DevTo.iOS.Tests */,
			);
		};
/* End PBXProject section */

/* Begin PBXResourcesBuildPhase section */
		3137672D228985C100F46C7A /* Resources */ = {
			isa = PBXResourcesBuildPhase;
			buildActionMask = 2147483647;
			files = (
				3137679522908E7600F46C7A /* articles.json in Resources */,
				3137673A228985C200F46C7A /* Assets.xcassets in Resources */,
			);
			runOnlyForDeploymentPostprocessing = 0;
		};
		31376782228EABAD00F46C7A /* Resources */ = {
			isa = PBXResourcesBuildPhase;
			buildActionMask = 2147483647;
			files = (
				31376790228EABEF00F46C7A /* articles.json in Resources */,
			);
			runOnlyForDeploymentPostprocessing = 0;
		};
/* End PBXResourcesBuildPhase section */

/* Begin PBXShellScriptBuildPhase section */
		6A33E2738E8C244DC3DC91A9 /* [CP] Embed Pods Frameworks */ = {
			isa = PBXShellScriptBuildPhase;
			buildActionMask = 2147483647;
			files = (
			);
			inputFileListPaths = (
			);
			inputPaths = (
				"${PODS_ROOT}/Target Support Files/Pods-DevTo.iOS/Pods-DevTo.iOS-frameworks.sh",
				"${BUILT_PRODUCTS_DIR}/Kingfisher/Kingfisher.framework",
				"${BUILT_PRODUCTS_DIR}/RxCocoa/RxCocoa.framework",
				"${BUILT_PRODUCTS_DIR}/RxRelay/RxRelay.framework",
				"${BUILT_PRODUCTS_DIR}/RxSwift/RxSwift.framework",
			);
			name = "[CP] Embed Pods Frameworks";
			outputFileListPaths = (
			);
			outputPaths = (
				"${TARGET_BUILD_DIR}/${FRAMEWORKS_FOLDER_PATH}/Kingfisher.framework",
				"${TARGET_BUILD_DIR}/${FRAMEWORKS_FOLDER_PATH}/RxCocoa.framework",
				"${TARGET_BUILD_DIR}/${FRAMEWORKS_FOLDER_PATH}/RxRelay.framework",
				"${TARGET_BUILD_DIR}/${FRAMEWORKS_FOLDER_PATH}/RxSwift.framework",
			);
			runOnlyForDeploymentPostprocessing = 0;
			shellPath = /bin/sh;
			shellScript = "\"${PODS_ROOT}/Target Support Files/Pods-DevTo.iOS/Pods-DevTo.iOS-frameworks.sh\"\n";
			showEnvVarsInLog = 0;
		};
		C141AE9143934A82D67769DA /* [CP] Check Pods Manifest.lock */ = {
			isa = PBXShellScriptBuildPhase;
			buildActionMask = 2147483647;
			files = (
			);
			inputFileListPaths = (
			);
			inputPaths = (
				"${PODS_PODFILE_DIR_PATH}/Podfile.lock",
				"${PODS_ROOT}/Manifest.lock",
			);
			name = "[CP] Check Pods Manifest.lock";
			outputFileListPaths = (
			);
			outputPaths = (
				"$(DERIVED_FILE_DIR)/Pods-DevTo.iOS-checkManifestLockResult.txt",
			);
			runOnlyForDeploymentPostprocessing = 0;
			shellPath = /bin/sh;
			shellScript = "diff \"${PODS_PODFILE_DIR_PATH}/Podfile.lock\" \"${PODS_ROOT}/Manifest.lock\" > /dev/null\nif [ $? != 0 ] ; then\n    # print error to STDERR\n    echo \"error: The sandbox is not in sync with the Podfile.lock. Run 'pod install' or update your CocoaPods installation.\" >&2\n    exit 1\nfi\n# This output is used by Xcode 'outputs' to avoid re-running this script phase.\necho \"SUCCESS\" > \"${SCRIPT_OUTPUT_FILE_0}\"\n";
			showEnvVarsInLog = 0;
		};
/* End PBXShellScriptBuildPhase section */

/* Begin PBXSourcesBuildPhase section */
		3137672B228985C100F46C7A /* Sources */ = {
			isa = PBXSourcesBuildPhase;
			buildActionMask = 2147483647;
			files = (
				31376758228AABB500F46C7A /* UIView+Extensions.swift in Sources */,
				315F1AEC2291517300B4A988 /* UITableViewCell+Extensions.swift in Sources */,
				315F1AE62291458700B4A988 /* Date+Extensions.swift in Sources */,
				31376753228AA86600F46C7A /* FeedCoordinator.swift in Sources */,
				3137676A228AE14A00F46C7A /* NavigationBarView.swift in Sources */,
				3137676E228AE7BD00F46C7A /* AppColors.swift in Sources */,
				3137675F228AAC6200F46C7A /* UIViewController+Extensions.swift in Sources */,
				31376772228C222500F46C7A /* FeedViewModel.swift in Sources */,
				315F1AF522918F2500B4A988 /* BaseViewController.swift in Sources */,
				3137675B228AABFF00F46C7A /* Apply.swift in Sources */,
				31376751228AA52100F46C7A /* AppCoordinator.swift in Sources */,
				3137674C228AA40F00F46C7A /* FeedViewController.swift in Sources */,
				3137676C228AE79800F46C7A /* UIColor+Extensions.swift in Sources */,
				31376733228985C100F46C7A /* AppDelegate.swift in Sources */,
				3137677F228EA14300F46C7A /* FlareTag.swift in Sources */,
				315F1AF122918DDB00B4A988 /* ArticleDetailsViewController.swift in Sources */,
				315F1AEE2291537100B4A988 /* ArticleDto.swift in Sources */,
				31376770228C1E8E00F46C7A /* FeedTableViewHeader.swift in Sources */,
				31376761228AD15500F46C7A /* UIScreen+Extensions.swift in Sources */,
				3137675D228AAC1900F46C7A /* Reflection.swift in Sources */,
				31376779228E9F6F00F46C7A /* User.swift in Sources */,
				31376794228EC06E00F46C7A /* FeedTableViewCell.swift in Sources */,
				31376777228E9E5D00F46C7A /* Article.swift in Sources */,
				3137677B228E9FEE00F46C7A /* Organization.swift in Sources */,
				3137674F228AA4EF00F46C7A /* Coordinator.swift in Sources */,
				31376775228C226000F46C7A /* FeedType.swift in Sources */,
			);
			runOnlyForDeploymentPostprocessing = 0;
		};
		31376780228EABAD00F46C7A /* Sources */ = {
			isa = PBXSourcesBuildPhase;
			buildActionMask = 2147483647;
			files = (
				31376787228EABAD00F46C7A /* ArticlesTest.swift in Sources */,
			);
			runOnlyForDeploymentPostprocessing = 0;
		};
/* End PBXSourcesBuildPhase section */

/* Begin PBXTargetDependency section */
		3137678A228EABAD00F46C7A /* PBXTargetDependency */ = {
			isa = PBXTargetDependency;
			target = 3137672E228985C100F46C7A /* DevTo.iOS */;
			targetProxy = 31376789228EABAD00F46C7A /* PBXContainerItemProxy */;
		};
/* End PBXTargetDependency section */

/* Begin XCBuildConfiguration section */
		3137673F228985C200F46C7A /* Debug */ = {
			isa = XCBuildConfiguration;
			buildSettings = {
				ALWAYS_SEARCH_USER_PATHS = NO;
				CLANG_ANALYZER_NONNULL = YES;
				CLANG_ANALYZER_NUMBER_OBJECT_CONVERSION = YES_AGGRESSIVE;
				CLANG_CXX_LANGUAGE_STANDARD = "gnu++14";
				CLANG_CXX_LIBRARY = "libc++";
				CLANG_ENABLE_MODULES = YES;
				CLANG_ENABLE_OBJC_ARC = YES;
				CLANG_ENABLE_OBJC_WEAK = YES;
				CLANG_WARN_BLOCK_CAPTURE_AUTORELEASING = YES;
				CLANG_WARN_BOOL_CONVERSION = YES;
				CLANG_WARN_COMMA = YES;
				CLANG_WARN_CONSTANT_CONVERSION = YES;
				CLANG_WARN_DEPRECATED_OBJC_IMPLEMENTATIONS = YES;
				CLANG_WARN_DIRECT_OBJC_ISA_USAGE = YES_ERROR;
				CLANG_WARN_DOCUMENTATION_COMMENTS = YES;
				CLANG_WARN_EMPTY_BODY = YES;
				CLANG_WARN_ENUM_CONVERSION = YES;
				CLANG_WARN_INFINITE_RECURSION = YES;
				CLANG_WARN_INT_CONVERSION = YES;
				CLANG_WARN_NON_LITERAL_NULL_CONVERSION = YES;
				CLANG_WARN_OBJC_IMPLICIT_RETAIN_SELF = YES;
				CLANG_WARN_OBJC_LITERAL_CONVERSION = YES;
				CLANG_WARN_OBJC_ROOT_CLASS = YES_ERROR;
				CLANG_WARN_RANGE_LOOP_ANALYSIS = YES;
				CLANG_WARN_STRICT_PROTOTYPES = YES;
				CLANG_WARN_SUSPICIOUS_MOVE = YES;
				CLANG_WARN_UNGUARDED_AVAILABILITY = YES_AGGRESSIVE;
				CLANG_WARN_UNREACHABLE_CODE = YES;
				CLANG_WARN__DUPLICATE_METHOD_MATCH = YES;
				CODE_SIGN_IDENTITY = "iPhone Developer";
				COPY_PHASE_STRIP = NO;
				DEBUG_INFORMATION_FORMAT = dwarf;
				ENABLE_STRICT_OBJC_MSGSEND = YES;
				ENABLE_TESTABILITY = YES;
				GCC_C_LANGUAGE_STANDARD = gnu11;
				GCC_DYNAMIC_NO_PIC = NO;
				GCC_NO_COMMON_BLOCKS = YES;
				GCC_OPTIMIZATION_LEVEL = 0;
				GCC_PREPROCESSOR_DEFINITIONS = (
					"DEBUG=1",
					"$(inherited)",
				);
				GCC_WARN_64_TO_32_BIT_CONVERSION = YES;
				GCC_WARN_ABOUT_RETURN_TYPE = YES_ERROR;
				GCC_WARN_UNDECLARED_SELECTOR = YES;
				GCC_WARN_UNINITIALIZED_AUTOS = YES_AGGRESSIVE;
				GCC_WARN_UNUSED_FUNCTION = YES;
				GCC_WARN_UNUSED_VARIABLE = YES;
				IPHONEOS_DEPLOYMENT_TARGET = 12.2;
				MTL_ENABLE_DEBUG_INFO = INCLUDE_SOURCE;
				MTL_FAST_MATH = YES;
				ONLY_ACTIVE_ARCH = YES;
				SDKROOT = iphoneos;
				SWIFT_ACTIVE_COMPILATION_CONDITIONS = DEBUG;
				SWIFT_OPTIMIZATION_LEVEL = "-Onone";
			};
			name = Debug;
		};
		31376740228985C200F46C7A /* Release */ = {
			isa = XCBuildConfiguration;
			buildSettings = {
				ALWAYS_SEARCH_USER_PATHS = NO;
				CLANG_ANALYZER_NONNULL = YES;
				CLANG_ANALYZER_NUMBER_OBJECT_CONVERSION = YES_AGGRESSIVE;
				CLANG_CXX_LANGUAGE_STANDARD = "gnu++14";
				CLANG_CXX_LIBRARY = "libc++";
				CLANG_ENABLE_MODULES = YES;
				CLANG_ENABLE_OBJC_ARC = YES;
				CLANG_ENABLE_OBJC_WEAK = YES;
				CLANG_WARN_BLOCK_CAPTURE_AUTORELEASING = YES;
				CLANG_WARN_BOOL_CONVERSION = YES;
				CLANG_WARN_COMMA = YES;
				CLANG_WARN_CONSTANT_CONVERSION = YES;
				CLANG_WARN_DEPRECATED_OBJC_IMPLEMENTATIONS = YES;
				CLANG_WARN_DIRECT_OBJC_ISA_USAGE = YES_ERROR;
				CLANG_WARN_DOCUMENTATION_COMMENTS = YES;
				CLANG_WARN_EMPTY_BODY = YES;
				CLANG_WARN_ENUM_CONVERSION = YES;
				CLANG_WARN_INFINITE_RECURSION = YES;
				CLANG_WARN_INT_CONVERSION = YES;
				CLANG_WARN_NON_LITERAL_NULL_CONVERSION = YES;
				CLANG_WARN_OBJC_IMPLICIT_RETAIN_SELF = YES;
				CLANG_WARN_OBJC_LITERAL_CONVERSION = YES;
				CLANG_WARN_OBJC_ROOT_CLASS = YES_ERROR;
				CLANG_WARN_RANGE_LOOP_ANALYSIS = YES;
				CLANG_WARN_STRICT_PROTOTYPES = YES;
				CLANG_WARN_SUSPICIOUS_MOVE = YES;
				CLANG_WARN_UNGUARDED_AVAILABILITY = YES_AGGRESSIVE;
				CLANG_WARN_UNREACHABLE_CODE = YES;
				CLANG_WARN__DUPLICATE_METHOD_MATCH = YES;
				CODE_SIGN_IDENTITY = "iPhone Developer";
				COPY_PHASE_STRIP = NO;
				DEBUG_INFORMATION_FORMAT = "dwarf-with-dsym";
				ENABLE_NS_ASSERTIONS = NO;
				ENABLE_STRICT_OBJC_MSGSEND = YES;
				GCC_C_LANGUAGE_STANDARD = gnu11;
				GCC_NO_COMMON_BLOCKS = YES;
				GCC_WARN_64_TO_32_BIT_CONVERSION = YES;
				GCC_WARN_ABOUT_RETURN_TYPE = YES_ERROR;
				GCC_WARN_UNDECLARED_SELECTOR = YES;
				GCC_WARN_UNINITIALIZED_AUTOS = YES_AGGRESSIVE;
				GCC_WARN_UNUSED_FUNCTION = YES;
				GCC_WARN_UNUSED_VARIABLE = YES;
				IPHONEOS_DEPLOYMENT_TARGET = 12.2;
				MTL_ENABLE_DEBUG_INFO = NO;
				MTL_FAST_MATH = YES;
				SDKROOT = iphoneos;
				SWIFT_COMPILATION_MODE = wholemodule;
				SWIFT_OPTIMIZATION_LEVEL = "-O";
				VALIDATE_PRODUCT = YES;
			};
			name = Release;
		};
		31376742228985C200F46C7A /* Debug */ = {
			isa = XCBuildConfiguration;
			baseConfigurationReference = C2BB02589E061581FDBF5C06 /* Pods-DevTo.iOS.debug.xcconfig */;
			buildSettings = {
				ASSETCATALOG_COMPILER_APPICON_NAME = AppIcon;
				ASSETCATALOG_COMPILER_LAUNCHIMAGE_NAME = LaunchImage;
				CODE_SIGN_STYLE = Automatic;
				DEVELOPMENT_TEAM = "";
				INFOPLIST_FILE = DevTo.iOS/Resources/Info.plist;
				LD_RUNPATH_SEARCH_PATHS = (
					"$(inherited)",
					"@executable_path/Frameworks",
				);
				PRODUCT_BUNDLE_IDENTIFIER = com.hadiidbouk.DevTo;
				PRODUCT_NAME = "$(TARGET_NAME)";
				SWIFT_VERSION = 5.0;
				TARGETED_DEVICE_FAMILY = 1;
			};
			name = Debug;
		};
		31376743228985C200F46C7A /* Release */ = {
			isa = XCBuildConfiguration;
			baseConfigurationReference = BB1D32F40475879B2FA7E572 /* Pods-DevTo.iOS.release.xcconfig */;
			buildSettings = {
				ASSETCATALOG_COMPILER_APPICON_NAME = AppIcon;
				ASSETCATALOG_COMPILER_LAUNCHIMAGE_NAME = LaunchImage;
				CODE_SIGN_STYLE = Automatic;
				DEVELOPMENT_TEAM = "";
				INFOPLIST_FILE = DevTo.iOS/Resources/Info.plist;
				LD_RUNPATH_SEARCH_PATHS = (
					"$(inherited)",
					"@executable_path/Frameworks",
				);
				PRODUCT_BUNDLE_IDENTIFIER = com.hadiidbouk.DevTo;
				PRODUCT_NAME = "$(TARGET_NAME)";
				SWIFT_VERSION = 5.0;
				TARGETED_DEVICE_FAMILY = 1;
			};
			name = Release;
		};
		3137678C228EABAD00F46C7A /* Debug */ = {
			isa = XCBuildConfiguration;
			buildSettings = {
				BUNDLE_LOADER = "$(TEST_HOST)";
				CODE_SIGN_STYLE = Automatic;
				DEVELOPMENT_TEAM = YL77PVMV33;
				INFOPLIST_FILE = DevTo.iOS.Tests/Info.plist;
				LD_RUNPATH_SEARCH_PATHS = (
					"$(inherited)",
					"@executable_path/Frameworks",
					"@loader_path/Frameworks",
				);
				PRODUCT_BUNDLE_IDENTIFIER = "com.hadiidbouk.DevTo-iOS-Tests";
				PRODUCT_NAME = "$(TARGET_NAME)";
				SWIFT_VERSION = 5.0;
				TARGETED_DEVICE_FAMILY = "1,2";
				TEST_HOST = "$(BUILT_PRODUCTS_DIR)/DevTo.iOS.app/DevTo.iOS";
			};
			name = Debug;
		};
		3137678D228EABAD00F46C7A /* Release */ = {
			isa = XCBuildConfiguration;
			buildSettings = {
				BUNDLE_LOADER = "$(TEST_HOST)";
				CODE_SIGN_STYLE = Automatic;
				DEVELOPMENT_TEAM = YL77PVMV33;
				INFOPLIST_FILE = DevTo.iOS.Tests/Info.plist;
				LD_RUNPATH_SEARCH_PATHS = (
					"$(inherited)",
					"@executable_path/Frameworks",
					"@loader_path/Frameworks",
				);
				PRODUCT_BUNDLE_IDENTIFIER = "com.hadiidbouk.DevTo-iOS-Tests";
				PRODUCT_NAME = "$(TARGET_NAME)";
				SWIFT_VERSION = 5.0;
				TARGETED_DEVICE_FAMILY = "1,2";
				TEST_HOST = "$(BUILT_PRODUCTS_DIR)/DevTo.iOS.app/DevTo.iOS";
			};
			name = Release;
		};
/* End XCBuildConfiguration section */

/* Begin XCConfigurationList section */
		3137672A228985C100F46C7A /* Build configuration list for PBXProject "DevTo.iOS" */ = {
			isa = XCConfigurationList;
			buildConfigurations = (
				3137673F228985C200F46C7A /* Debug */,
				31376740228985C200F46C7A /* Release */,
			);
			defaultConfigurationIsVisible = 0;
			defaultConfigurationName = Release;
		};
		31376741228985C200F46C7A /* Build configuration list for PBXNativeTarget "DevTo.iOS" */ = {
			isa = XCConfigurationList;
			buildConfigurations = (
				31376742228985C200F46C7A /* Debug */,
				31376743228985C200F46C7A /* Release */,
			);
			defaultConfigurationIsVisible = 0;
			defaultConfigurationName = Release;
		};
		3137678B228EABAD00F46C7A /* Build configuration list for PBXNativeTarget "DevTo.iOS.Tests" */ = {
			isa = XCConfigurationList;
			buildConfigurations = (
				3137678C228EABAD00F46C7A /* Debug */,
				3137678D228EABAD00F46C7A /* Release */,
			);
			defaultConfigurationIsVisible = 0;
			defaultConfigurationName = Release;
		};
/* End XCConfigurationList section */
	};
	rootObject = 31376727228985C100F46C7A /* Project object */;
}
