// !$*UTF8*$!
{
	archiveVersion = 1;
	classes = {
	};
	objectVersion = 50;
	objects = {

/* Begin PBXBuildFile section */
		31376733228985C100F46C7A /* AppDelegate.swift in Sources */ = {isa = PBXBuildFile; fileRef = 31376732228985C100F46C7A /* AppDelegate.swift */; };
		31376735228985C100F46C7A /* ViewController.swift in Sources */ = {isa = PBXBuildFile; fileRef = 31376734228985C100F46C7A /* ViewController.swift */; };
		31376738228985C100F46C7A /* Main.storyboard in Resources */ = {isa = PBXBuildFile; fileRef = 31376736228985C100F46C7A /* Main.storyboard */; };
		3137673A228985C200F46C7A /* Assets.xcassets in Resources */ = {isa = PBXBuildFile; fileRef = 31376739228985C200F46C7A /* Assets.xcassets */; };
		3137673D228985C200F46C7A /* LaunchScreen.storyboard in Resources */ = {isa = PBXBuildFile; fileRef = 3137673B228985C200F46C7A /* LaunchScreen.storyboard */; };
		D79BF4E264DA5B5B8AF95860 /* Pods_DevTo_iOS.framework in Frameworks */ = {isa = PBXBuildFile; fileRef = 00ABDE3B3452FCE4929AB3B8 /* Pods_DevTo_iOS.framework */; };
/* End PBXBuildFile section */

/* Begin PBXFileReference section */
		00ABDE3B3452FCE4929AB3B8 /* Pods_DevTo_iOS.framework */ = {isa = PBXFileReference; explicitFileType = wrapper.framework; includeInIndex = 0; path = Pods_DevTo_iOS.framework; sourceTree = BUILT_PRODUCTS_DIR; };
		3137672F228985C100F46C7A /* DevTo.iOS.app */ = {isa = PBXFileReference; explicitFileType = wrapper.application; includeInIndex = 0; path = DevTo.iOS.app; sourceTree = BUILT_PRODUCTS_DIR; };
		31376732228985C100F46C7A /* AppDelegate.swift */ = {isa = PBXFileReference; lastKnownFileType = sourcecode.swift; path = AppDelegate.swift; sourceTree = "<group>"; };
		31376734228985C100F46C7A /* ViewController.swift */ = {isa = PBXFileReference; lastKnownFileType = sourcecode.swift; path = ViewController.swift; sourceTree = "<group>"; };
		31376737228985C100F46C7A /* Base */ = {isa = PBXFileReference; lastKnownFileType = file.storyboard; name = Base; path = Base.lproj/Main.storyboard; sourceTree = "<group>"; };
		31376739228985C200F46C7A /* Assets.xcassets */ = {isa = PBXFileReference; lastKnownFileType = folder.assetcatalog; path = Assets.xcassets; sourceTree = "<group>"; };
		3137673C228985C200F46C7A /* Base */ = {isa = PBXFileReference; lastKnownFileType = file.storyboard; name = Base; path = Base.lproj/LaunchScreen.storyboard; sourceTree = "<group>"; };
		3137673E228985C200F46C7A /* Info.plist */ = {isa = PBXFileReference; lastKnownFileType = text.plist.xml; path = Info.plist; sourceTree = "<group>"; };
		BB1D32F40475879B2FA7E572 /* Pods-DevTo.iOS.release.xcconfig */ = {isa = PBXFileReference; includeInIndex = 1; lastKnownFileType = text.xcconfig; name = "Pods-DevTo.iOS.release.xcconfig"; path = "Target Support Files/Pods-DevTo.iOS/Pods-DevTo.iOS.release.xcconfig"; sourceTree = "<group>"; };
		C2BB02589E061581FDBF5C06 /* Pods-DevTo.iOS.debug.xcconfig */ = {isa = PBXFileReference; includeInIndex = 1; lastKnownFileType = text.xcconfig; name = "Pods-DevTo.iOS.debug.xcconfig"; path = "Target Support Files/Pods-DevTo.iOS/Pods-DevTo.iOS.debug.xcconfig"; sourceTree = "<group>"; };
/* End PBXFileReference section */

/* Begin PBXFrameworksBuildPhase section */
		3137672C228985C100F46C7A /* Frameworks */ = {
			isa = PBXFrameworksBuildPhase;
			buildActionMask = 2147483647;
			files = (
				D79BF4E264DA5B5B8AF95860 /* Pods_DevTo_iOS.framework in Frameworks */,
			);
			runOnlyForDeploymentPostprocessing = 0;
		};
/* End PBXFrameworksBuildPhase section */

/* Begin PBXGroup section */
		31376726228985C100F46C7A = {
			isa = PBXGroup;
			children = (
				31376731228985C100F46C7A /* DevTo.iOS */,
				31376730228985C100F46C7A /* Products */,
				84F2C6A752B3669B808E4D9B /* Pods */,
				ABB2AF9BBCD0AEF9124D6924 /* Frameworks */,
			);
			sourceTree = "<group>";
		};
		31376730228985C100F46C7A /* Products */ = {
			isa = PBXGroup;
			children = (
				3137672F228985C100F46C7A /* DevTo.iOS.app */,
			);
			name = Products;
			sourceTree = "<group>";
		};
		31376731228985C100F46C7A /* DevTo.iOS */ = {
			isa = PBXGroup;
			children = (
				31376732228985C100F46C7A /* AppDelegate.swift */,
				31376734228985C100F46C7A /* ViewController.swift */,
				31376736228985C100F46C7A /* Main.storyboard */,
				31376739228985C200F46C7A /* Assets.xcassets */,
				3137673B228985C200F46C7A /* LaunchScreen.storyboard */,
				3137673E228985C200F46C7A /* Info.plist */,
			);
			path = DevTo.iOS;
			sourceTree = "<group>";
		};
		84F2C6A752B3669B808E4D9B /* Pods */ = {
			isa = PBXGroup;
			children = (
				C2BB02589E061581FDBF5C06 /* Pods-DevTo.iOS.debug.xcconfig */,
				BB1D32F40475879B2FA7E572 /* Pods-DevTo.iOS.release.xcconfig */,
			);
			name = Pods;
			path = Pods;
			sourceTree = "<group>";
		};
		ABB2AF9BBCD0AEF9124D6924 /* Frameworks */ = {
			isa = PBXGroup;
			children = (
				00ABDE3B3452FCE4929AB3B8 /* Pods_DevTo_iOS.framework */,
			);
			name = Frameworks;
			sourceTree = "<group>";
		};
/* End PBXGroup section */

/* Begin PBXNativeTarget section */
		3137672E228985C100F46C7A /* DevTo.iOS */ = {
			isa = PBXNativeTarget;
			buildConfigurationList = 31376741228985C200F46C7A /* Build configuration list for PBXNativeTarget "DevTo.iOS" */;
			buildPhases = (
				C141AE9143934A82D67769DA /* [CP] Check Pods Manifest.lock */,
				3137672B228985C100F46C7A /* Sources */,
				3137672C228985C100F46C7A /* Frameworks */,
				3137672D228985C100F46C7A /* Resources */,
			);
			buildRules = (
			);
			dependencies = (
			);
			name = DevTo.iOS;
			productName = DevTo.iOS;
			productReference = 3137672F228985C100F46C7A /* DevTo.iOS.app */;
			productType = "com.apple.product-type.application";
		};
/* End PBXNativeTarget section */

/* Begin PBXProject section */
		31376727228985C100F46C7A /* Project object */ = {
			isa = PBXProject;
			attributes = {
				LastSwiftUpdateCheck = 1020;
				LastUpgradeCheck = 1020;
				ORGANIZATIONNAME = hadiidbouk;
				TargetAttributes = {
					3137672E228985C100F46C7A = {
						CreatedOnToolsVersion = 10.2.1;
					};
				};
			};
			buildConfigurationList = 3137672A228985C100F46C7A /* Build configuration list for PBXProject "DevTo.iOS" */;
			compatibilityVersion = "Xcode 9.3";
			developmentRegion = en;
			hasScannedForEncodings = 0;
			knownRegions = (
				en,
				Base,
			);
			mainGroup = 31376726228985C100F46C7A;
			productRefGroup = 31376730228985C100F46C7A /* Products */;
			projectDirPath = "";
			projectRoot = "";
			targets = (
				3137672E228985C100F46C7A /* DevTo.iOS */,
			);
		};
/* End PBXProject section */

/* Begin PBXResourcesBuildPhase section */
		3137672D228985C100F46C7A /* Resources */ = {
			isa = PBXResourcesBuildPhase;
			buildActionMask = 2147483647;
			files = (
				3137673D228985C200F46C7A /* LaunchScreen.storyboard in Resources */,
				3137673A228985C200F46C7A /* Assets.xcassets in Resources */,
				31376738228985C100F46C7A /* Main.storyboard in Resources */,
			);
			runOnlyForDeploymentPostprocessing = 0;
		};
/* End PBXResourcesBuildPhase section */

/* Begin PBXShellScriptBuildPhase section */
		C141AE9143934A82D67769DA /* [CP] Check Pods Manifest.lock */ = {
			isa = PBXShellScriptBuildPhase;
			buildActionMask = 2147483647;
			files = (
			);
			inputFileListPaths = (
			);
			inputPaths = (
				"${PODS_PODFILE_DIR_PATH}/Podfile.lock",
				"${PODS_ROOT}/Manifest.lock",
			);
			name = "[CP] Check Pods Manifest.lock";
			outputFileListPaths = (
			);
			outputPaths = (
				"$(DERIVED_FILE_DIR)/Pods-DevTo.iOS-checkManifestLockResult.txt",
			);
			runOnlyForDeploymentPostprocessing = 0;
			shellPath = /bin/sh;
			shellScript = "diff \"${PODS_PODFILE_DIR_PATH}/Podfile.lock\" \"${PODS_ROOT}/Manifest.lock\" > /dev/null\nif [ $? != 0 ] ; then\n    # print error to STDERR\n    echo \"error: The sandbox is not in sync with the Podfile.lock. Run 'pod install' or update your CocoaPods installation.\" >&2\n    exit 1\nfi\n# This output is used by Xcode 'outputs' to avoid re-running this script phase.\necho \"SUCCESS\" > \"${SCRIPT_OUTPUT_FILE_0}\"\n";
			showEnvVarsInLog = 0;
		};
/* End PBXShellScriptBuildPhase section */

/* Begin PBXSourcesBuildPhase section */
		3137672B228985C100F46C7A /* Sources */ = {
			isa = PBXSourcesBuildPhase;
			buildActionMask = 2147483647;
			files = (
				31376735228985C100F46C7A /* ViewController.swift in Sources */,
				31376733228985C100F46C7A /* AppDelegate.swift in Sources */,
			);
			runOnlyForDeploymentPostprocessing = 0;
		};
/* End PBXSourcesBuildPhase section */

/* Begin PBXVariantGroup section */
		31376736228985C100F46C7A /* Main.storyboard */ = {
			isa = PBXVariantGroup;
			children = (
				31376737228985C100F46C7A /* Base */,
			);
			name = Main.storyboard;
			sourceTree = "<group>";
		};
		3137673B228985C200F46C7A /* LaunchScreen.storyboard */ = {
			isa = PBXVariantGroup;
			children = (
				3137673C228985C200F46C7A /* Base */,
			);
			name = LaunchScreen.storyboard;
			sourceTree = "<group>";
		};
/* End PBXVariantGroup section */

/* Begin XCBuildConfiguration section */
		3137673F228985C200F46C7A /* Debug */ = {
			isa = XCBuildConfiguration;
			buildSettings = {
				ALWAYS_SEARCH_USER_PATHS = NO;
				CLANG_ANALYZER_NONNULL = YES;
				CLANG_ANALYZER_NUMBER_OBJECT_CONVERSION = YES_AGGRESSIVE;
				CLANG_CXX_LANGUAGE_STANDARD = "gnu++14";
				CLANG_CXX_LIBRARY = "libc++";
				CLANG_ENABLE_MODULES = YES;
				CLANG_ENABLE_OBJC_ARC = YES;
				CLANG_ENABLE_OBJC_WEAK = YES;
				CLANG_WARN_BLOCK_CAPTURE_AUTORELEASING = YES;
				CLANG_WARN_BOOL_CONVERSION = YES;
				CLANG_WARN_COMMA = YES;
				CLANG_WARN_CONSTANT_CONVERSION = YES;
				CLANG_WARN_DEPRECATED_OBJC_IMPLEMENTATIONS = YES;
				CLANG_WARN_DIRECT_OBJC_ISA_USAGE = YES_ERROR;
				CLANG_WARN_DOCUMENTATION_COMMENTS = YES;
				CLANG_WARN_EMPTY_BODY = YES;
				CLANG_WARN_ENUM_CONVERSION = YES;
				CLANG_WARN_INFINITE_RECURSION = YES;
				CLANG_WARN_INT_CONVERSION = YES;
				CLANG_WARN_NON_LITERAL_NULL_CONVERSION = YES;
				CLANG_WARN_OBJC_IMPLICIT_RETAIN_SELF = YES;
				CLANG_WARN_OBJC_LITERAL_CONVERSION = YES;
				CLANG_WARN_OBJC_ROOT_CLASS = YES_ERROR;
				CLANG_WARN_RANGE_LOOP_ANALYSIS = YES;
				CLANG_WARN_STRICT_PROTOTYPES = YES;
				CLANG_WARN_SUSPICIOUS_MOVE = YES;
				CLANG_WARN_UNGUARDED_AVAILABILITY = YES_AGGRESSIVE;
				CLANG_WARN_UNREACHABLE_CODE = YES;
				CLANG_WARN__DUPLICATE_METHOD_MATCH = YES;
				CODE_SIGN_IDENTITY = "iPhone Developer";
				COPY_PHASE_STRIP = NO;
				DEBUG_INFORMATION_FORMAT = dwarf;
				ENABLE_STRICT_OBJC_MSGSEND = YES;
				ENABLE_TESTABILITY = YES;
				GCC_C_LANGUAGE_STANDARD = gnu11;
				GCC_DYNAMIC_NO_PIC = NO;
				GCC_NO_COMMON_BLOCKS = YES;
				GCC_OPTIMIZATION_LEVEL = 0;
				GCC_PREPROCESSOR_DEFINITIONS = (
					"DEBUG=1",
					"$(inherited)",
				);
				GCC_WARN_64_TO_32_BIT_CONVERSION = YES;
				GCC_WARN_ABOUT_RETURN_TYPE = YES_ERROR;
				GCC_WARN_UNDECLARED_SELECTOR = YES;
				GCC_WARN_UNINITIALIZED_AUTOS = YES_AGGRESSIVE;
				GCC_WARN_UNUSED_FUNCTION = YES;
				GCC_WARN_UNUSED_VARIABLE = YES;
				IPHONEOS_DEPLOYMENT_TARGET = 12.2;
				MTL_ENABLE_DEBUG_INFO = INCLUDE_SOURCE;
				MTL_FAST_MATH = YES;
				ONLY_ACTIVE_ARCH = YES;
				SDKROOT = iphoneos;
				SWIFT_ACTIVE_COMPILATION_CONDITIONS = DEBUG;
				SWIFT_OPTIMIZATION_LEVEL = "-Onone";
			};
			name = Debug;
		};
		31376740228985C200F46C7A /* Release */ = {
			isa = XCBuildConfiguration;
			buildSettings = {
				ALWAYS_SEARCH_USER_PATHS = NO;
				CLANG_ANALYZER_NONNULL = YES;
				CLANG_ANALYZER_NUMBER_OBJECT_CONVERSION = YES_AGGRESSIVE;
				CLANG_CXX_LANGUAGE_STANDARD = "gnu++14";
				CLANG_CXX_LIBRARY = "libc++";
				CLANG_ENABLE_MODULES = YES;
				CLANG_ENABLE_OBJC_ARC = YES;
				CLANG_ENABLE_OBJC_WEAK = YES;
				CLANG_WARN_BLOCK_CAPTURE_AUTORELEASING = YES;
				CLANG_WARN_BOOL_CONVERSION = YES;
				CLANG_WARN_COMMA = YES;
				CLANG_WARN_CONSTANT_CONVERSION = YES;
				CLANG_WARN_DEPRECATED_OBJC_IMPLEMENTATIONS = YES;
				CLANG_WARN_DIRECT_OBJC_ISA_USAGE = YES_ERROR;
				CLANG_WARN_DOCUMENTATION_COMMENTS = YES;
				CLANG_WARN_EMPTY_BODY = YES;
				CLANG_WARN_ENUM_CONVERSION = YES;
				CLANG_WARN_INFINITE_RECURSION = YES;
				CLANG_WARN_INT_CONVERSION = YES;
				CLANG_WARN_NON_LITERAL_NULL_CONVERSION = YES;
				CLANG_WARN_OBJC_IMPLICIT_RETAIN_SELF = YES;
				CLANG_WARN_OBJC_LITERAL_CONVERSION = YES;
				CLANG_WARN_OBJC_ROOT_CLASS = YES_ERROR;
				CLANG_WARN_RANGE_LOOP_ANALYSIS = YES;
				CLANG_WARN_STRICT_PROTOTYPES = YES;
				CLANG_WARN_SUSPICIOUS_MOVE = YES;
				CLANG_WARN_UNGUARDED_AVAILABILITY = YES_AGGRESSIVE;
				CLANG_WARN_UNREACHABLE_CODE = YES;
				CLANG_WARN__DUPLICATE_METHOD_MATCH = YES;
				CODE_SIGN_IDENTITY = "iPhone Developer";
				COPY_PHASE_STRIP = NO;
				DEBUG_INFORMATION_FORMAT = "dwarf-with-dsym";
				ENABLE_NS_ASSERTIONS = NO;
				ENABLE_STRICT_OBJC_MSGSEND = YES;
				GCC_C_LANGUAGE_STANDARD = gnu11;
				GCC_NO_COMMON_BLOCKS = YES;
				GCC_WARN_64_TO_32_BIT_CONVERSION = YES;
				GCC_WARN_ABOUT_RETURN_TYPE = YES_ERROR;
				GCC_WARN_UNDECLARED_SELECTOR = YES;
				GCC_WARN_UNINITIALIZED_AUTOS = YES_AGGRESSIVE;
				GCC_WARN_UNUSED_FUNCTION = YES;
				GCC_WARN_UNUSED_VARIABLE = YES;
				IPHONEOS_DEPLOYMENT_TARGET = 12.2;
				MTL_ENABLE_DEBUG_INFO = NO;
				MTL_FAST_MATH = YES;
				SDKROOT = iphoneos;
				SWIFT_COMPILATION_MODE = wholemodule;
				SWIFT_OPTIMIZATION_LEVEL = "-O";
				VALIDATE_PRODUCT = YES;
			};
			name = Release;
		};
		31376742228985C200F46C7A /* Debug */ = {
			isa = XCBuildConfiguration;
			baseConfigurationReference = C2BB02589E061581FDBF5C06 /* Pods-DevTo.iOS.debug.xcconfig */;
			buildSettings = {
				ASSETCATALOG_COMPILER_APPICON_NAME = AppIcon;
				CODE_SIGN_STYLE = Automatic;
				DEVELOPMENT_TEAM = "";
				INFOPLIST_FILE = DevTo.iOS/Info.plist;
				LD_RUNPATH_SEARCH_PATHS = (
					"$(inherited)",
					"@executable_path/Frameworks",
				);
				PRODUCT_BUNDLE_IDENTIFIER = com.hadiidbouk.DevTo;
				PRODUCT_NAME = "$(TARGET_NAME)";
				SWIFT_VERSION = 5.0;
				TARGETED_DEVICE_FAMILY = "1,2";
			};
			name = Debug;
		};
		31376743228985C200F46C7A /* Release */ = {
			isa = XCBuildConfiguration;
			baseConfigurationReference = BB1D32F40475879B2FA7E572 /* Pods-DevTo.iOS.release.xcconfig */;
			buildSettings = {
				ASSETCATALOG_COMPILER_APPICON_NAME = AppIcon;
				CODE_SIGN_STYLE = Automatic;
				DEVELOPMENT_TEAM = "";
				INFOPLIST_FILE = DevTo.iOS/Info.plist;
				LD_RUNPATH_SEARCH_PATHS = (
					"$(inherited)",
					"@executable_path/Frameworks",
				);
				PRODUCT_BUNDLE_IDENTIFIER = com.hadiidbouk.DevTo;
				PRODUCT_NAME = "$(TARGET_NAME)";
				SWIFT_VERSION = 5.0;
				TARGETED_DEVICE_FAMILY = "1,2";
			};
			name = Release;
		};
/* End XCBuildConfiguration section */

/* Begin XCConfigurationList section */
		3137672A228985C100F46C7A /* Build configuration list for PBXProject "DevTo.iOS" */ = {
			isa = XCConfigurationList;
			buildConfigurations = (
				3137673F228985C200F46C7A /* Debug */,
				31376740228985C200F46C7A /* Release */,
			);
			defaultConfigurationIsVisible = 0;
			defaultConfigurationName = Release;
		};
		31376741228985C200F46C7A /* Build configuration list for PBXNativeTarget "DevTo.iOS" */ = {
			isa = XCConfigurationList;
			buildConfigurations = (
				31376742228985C200F46C7A /* Debug */,
				31376743228985C200F46C7A /* Release */,
			);
			defaultConfigurationIsVisible = 0;
			defaultConfigurationName = Release;
		};
/* End XCConfigurationList section */
	};
	rootObject = 31376727228985C100F46C7A /* Project object */;
}
